<?xml version="1.0" encoding="utf-8"?>
<Project ToolsVersion="4.0" xmlns="http://schemas.microsoft.com/developer/msbuild/2003">
  <ItemGroup>
    <Filter Include="Source Files">
      <UniqueIdentifier>{4FC737F1-C7A5-4376-A066-2A32D752A2FF}</UniqueIdentifier>
      <Extensions>cpp;c;cc;cxx;def;odl;idl;hpj;bat;asm;asmx</Extensions>
    </Filter>
    <Filter Include="Header Files">
      <UniqueIdentifier>{93995380-89BD-4b04-88EB-625FBE52EBFB}</UniqueIdentifier>
      <Extensions>h;hh;hpp;hxx;hm;inl;inc;xsd</Extensions>
    </Filter>
    <Filter Include="Resource Files">
      <UniqueIdentifier>{67DA6AB6-F800-4c08-8B7A-83BB121AAD01}</UniqueIdentifier>
      <Extensions>rc;ico;cur;bmp;dlg;rc2;rct;bin;rgs;gif;jpg;jpeg;jpe;resx;tiff;tif;png;wav;mfcribbon-ms</Extensions>
    </Filter>
  </ItemGroup>
  <ItemGroup>
    <None Include="Marlin.ino" />
  </ItemGroup>
  <ItemGroup>
    <ClInclude Include="__vm\.Marlin.vsarduino.h">
      <Filter>Header Files</Filter>
    </ClInclude>
    <ClInclude Include="bitmap_flags.h">
      <Filter>Header Files</Filter>
    </ClInclude>
    <ClInclude Include="blinkm.h">
      <Filter>Header Files</Filter>
    </ClInclude>
    <ClInclude Include="boards.h">
      <Filter>Header Files</Filter>
    </ClInclude>
    <ClInclude Include="buzzer.h">
      <Filter>Header Files</Filter>
    </ClInclude>
    <ClInclude Include="cardreader.h">
      <Filter>Header Files</Filter>
    </ClInclude>
    <ClInclude Include="circularqueue.h">
      <Filter>Header Files</Filter>
    </ClInclude>
    <ClInclude Include="Conditionals.h">
      <Filter>Header Files</Filter>
    </ClInclude>
    <ClInclude Include="Conditionals_LCD.h">
      <Filter>Header Files</Filter>
    </ClInclude>
    <ClInclude Include="Conditionals_post.h">
      <Filter>Header Files</Filter>
    </ClInclude>
    <ClInclude Include="Configuration.h">
      <Filter>Header Files</Filter>
    </ClInclude>
    <ClInclude Include="Configuration_adv.h">
      <Filter>Header Files</Filter>
    </ClInclude>
    <ClInclude Include="configuration_store.h">
      <Filter>Header Files</Filter>
    </ClInclude>
    <ClInclude Include="dac_mcp4728.h">
      <Filter>Header Files</Filter>
    </ClInclude>
    <ClInclude Include="delay.h">
      <Filter>Header Files</Filter>
    </ClInclude>
    <ClInclude Include="dogm_bitmaps.h">
      <Filter>Header Files</Filter>
    </ClInclude>
    <ClInclude Include="dogm_font_data_6x9_marlin.h">
      <Filter>Header Files</Filter>
    </ClInclude>
    <ClInclude Include="dogm_font_data_HD44780_C.h">
      <Filter>Header Files</Filter>
    </ClInclude>
    <ClInclude Include="dogm_font_data_HD44780_J.h">
      <Filter>Header Files</Filter>
    </ClInclude>
    <ClInclude Include="dogm_font_data_HD44780_W.h">
      <Filter>Header Files</Filter>
    </ClInclude>
    <ClInclude Include="dogm_font_data_ISO10646_1.h">
      <Filter>Header Files</Filter>
    </ClInclude>
    <ClInclude Include="dogm_font_data_ISO10646_1_PL.h">
      <Filter>Header Files</Filter>
    </ClInclude>
    <ClInclude Include="dogm_font_data_ISO10646_1_tr.h">
      <Filter>Header Files</Filter>
    </ClInclude>
    <ClInclude Include="dogm_font_data_ISO10646_5_Cyrillic.h">
      <Filter>Header Files</Filter>
    </ClInclude>
    <ClInclude Include="dogm_font_data_ISO10646_CN.h">
      <Filter>Header Files</Filter>
    </ClInclude>
    <ClInclude Include="dogm_font_data_ISO10646_CZ.h">
      <Filter>Header Files</Filter>
    </ClInclude>
    <ClInclude Include="dogm_font_data_ISO10646_Greek.h">
      <Filter>Header Files</Filter>
    </ClInclude>
    <ClInclude Include="dogm_font_data_ISO10646_Kana.h">
      <Filter>Header Files</Filter>
    </ClInclude>
    <ClInclude Include="dogm_font_data_ISO10646_SK.h">
      <Filter>Header Files</Filter>
    </ClInclude>
    <ClInclude Include="dogm_font_data_Marlin_symbols.h">
      <Filter>Header Files</Filter>
    </ClInclude>
    <ClInclude Include="drivers.h">
      <Filter>Header Files</Filter>
    </ClInclude>
    <ClInclude Include="duration_t.h">
      <Filter>Header Files</Filter>
    </ClInclude>
    <ClInclude Include="emergency_parser.h">
      <Filter>Header Files</Filter>
    </ClInclude>
    <ClInclude Include="endstops.h">
      <Filter>Header Files</Filter>
    </ClInclude>
    <ClInclude Include="endstop_interrupts.h">
      <Filter>Header Files</Filter>
    </ClInclude>
    <ClInclude Include="enum.h">
      <Filter>Header Files</Filter>
    </ClInclude>
    <ClInclude Include="fastio.h">
      <Filter>Header Files</Filter>
    </ClInclude>
    <ClInclude Include="fastio_1280.h">
      <Filter>Header Files</Filter>
    </ClInclude>
    <ClInclude Include="fastio_1281.h">
      <Filter>Header Files</Filter>
    </ClInclude>
    <ClInclude Include="fastio_168.h">
      <Filter>Header Files</Filter>
    </ClInclude>
    <ClInclude Include="fastio_644.h">
      <Filter>Header Files</Filter>
    </ClInclude>
    <ClInclude Include="fastio_AT90USB.h">
      <Filter>Header Files</Filter>
    </ClInclude>
    <ClInclude Include="fwretract.h">
      <Filter>Header Files</Filter>
    </ClInclude>
    <ClInclude Include="HAL.h">
      <Filter>Header Files</Filter>
    </ClInclude>
    <ClInclude Include="hex_print_routines.h">
      <Filter>Header Files</Filter>
    </ClInclude>
    <ClInclude Include="I2CPositionEncoder.h">
      <Filter>Header Files</Filter>
    </ClInclude>
    <ClInclude Include="language.h">
      <Filter>Header Files</Filter>
    </ClInclude>
    <ClInclude Include="language_an.h">
      <Filter>Header Files</Filter>
    </ClInclude>
    <ClInclude Include="language_bg.h">
      <Filter>Header Files</Filter>
    </ClInclude>
    <ClInclude Include="language_ca.h">
      <Filter>Header Files</Filter>
    </ClInclude>
    <ClInclude Include="language_cn.h">
      <Filter>Header Files</Filter>
    </ClInclude>
    <ClInclude Include="language_cz.h">
      <Filter>Header Files</Filter>
    </ClInclude>
    <ClInclude Include="language_cz_utf8.h">
      <Filter>Header Files</Filter>
    </ClInclude>
    <ClInclude Include="language_da.h">
      <Filter>Header Files</Filter>
    </ClInclude>
    <ClInclude Include="language_de.h">
      <Filter>Header Files</Filter>
    </ClInclude>
    <ClInclude Include="language_el-gr.h">
      <Filter>Header Files</Filter>
    </ClInclude>
    <ClInclude Include="language_el.h">
      <Filter>Header Files</Filter>
    </ClInclude>
    <ClInclude Include="language_en.h">
      <Filter>Header Files</Filter>
    </ClInclude>
    <ClInclude Include="language_es.h">
      <Filter>Header Files</Filter>
    </ClInclude>
    <ClInclude Include="language_es_utf8.h">
      <Filter>Header Files</Filter>
    </ClInclude>
    <ClInclude Include="language_eu.h">
      <Filter>Header Files</Filter>
    </ClInclude>
    <ClInclude Include="language_fi.h">
      <Filter>Header Files</Filter>
    </ClInclude>
    <ClInclude Include="language_fr.h">
      <Filter>Header Files</Filter>
    </ClInclude>
    <ClInclude Include="language_fr_utf8.h">
      <Filter>Header Files</Filter>
    </ClInclude>
    <ClInclude Include="language_gl.h">
      <Filter>Header Files</Filter>
    </ClInclude>
    <ClInclude Include="language_hr.h">
      <Filter>Header Files</Filter>
    </ClInclude>
    <ClInclude Include="language_it.h">
      <Filter>Header Files</Filter>
    </ClInclude>
    <ClInclude Include="language_kana.h">
      <Filter>Header Files</Filter>
    </ClInclude>
    <ClInclude Include="language_kana_utf8.h">
      <Filter>Header Files</Filter>
    </ClInclude>
    <ClInclude Include="language_nl.h">
      <Filter>Header Files</Filter>
    </ClInclude>
    <ClInclude Include="language_pl-DOGM.h">
      <Filter>Header Files</Filter>
    </ClInclude>
    <ClInclude Include="language_pl-HD44780.h">
      <Filter>Header Files</Filter>
    </ClInclude>
    <ClInclude Include="language_pl.h">
      <Filter>Header Files</Filter>
    </ClInclude>
    <ClInclude Include="language_pt-br.h">
      <Filter>Header Files</Filter>
    </ClInclude>
    <ClInclude Include="language_pt-br_utf8.h">
      <Filter>Header Files</Filter>
    </ClInclude>
    <ClInclude Include="language_pt.h">
      <Filter>Header Files</Filter>
    </ClInclude>
    <ClInclude Include="language_pt_utf8.h">
      <Filter>Header Files</Filter>
    </ClInclude>
    <ClInclude Include="language_ru.h">
      <Filter>Header Files</Filter>
    </ClInclude>
    <ClInclude Include="language_sk_utf8.h">
      <Filter>Header Files</Filter>
    </ClInclude>
    <ClInclude Include="language_test.h">
      <Filter>Header Files</Filter>
    </ClInclude>
    <ClInclude Include="language_tr.h">
      <Filter>Header Files</Filter>
    </ClInclude>
    <ClInclude Include="language_uk.h">
      <Filter>Header Files</Filter>
    </ClInclude>
    <ClInclude Include="language_zh_CN.h">
      <Filter>Header Files</Filter>
    </ClInclude>
    <ClInclude Include="language_zh_TW.h">
      <Filter>Header Files</Filter>
    </ClInclude>
    <ClInclude Include="least_squares_fit.h">
      <Filter>Header Files</Filter>
    </ClInclude>
    <ClInclude Include="leds.h">
      <Filter>Header Files</Filter>
    </ClInclude>
    <ClInclude Include="macros.h">
      <Filter>Header Files</Filter>
    </ClInclude>
    <ClInclude Include="Marlin.h">
      <Filter>Header Files</Filter>
    </ClInclude>
    <ClInclude Include="MarlinConfig.h">
      <Filter>Header Files</Filter>
    </ClInclude>
    <ClInclude Include="MarlinSerial.h">
      <Filter>Header Files</Filter>
    </ClInclude>
    <ClInclude Include="MarlinSPI.h">
      <Filter>Header Files</Filter>
    </ClInclude>
    <ClInclude Include="Max7219_Debug_LEDs.h">
      <Filter>Header Files</Filter>
    </ClInclude>
    <ClInclude Include="mesh_bed_leveling.h">
      <Filter>Header Files</Filter>
    </ClInclude>
    <ClInclude Include="neopixel.h">
      <Filter>Header Files</Filter>
    </ClInclude>
    <ClInclude Include="nozzle.h">
      <Filter>Header Files</Filter>
    </ClInclude>
    <ClInclude Include="parser.h">
      <Filter>Header Files</Filter>
    </ClInclude>
    <ClInclude Include="pca9632.h">
      <Filter>Header Files</Filter>
    </ClInclude>
    <ClInclude Include="pins.h">
      <Filter>Header Files</Filter>
    </ClInclude>
    <ClInclude Include="pinsDebug.h">
      <Filter>Header Files</Filter>
    </ClInclude>
    <ClInclude Include="pinsDebug_list.h">
      <Filter>Header Files</Filter>
    </ClInclude>
    <ClInclude Include="pinsDebug_plus_70.h">
      <Filter>Header Files</Filter>
    </ClInclude>
    <ClInclude Include="pinsDebug_Teensyduino.h">
      <Filter>Header Files</Filter>
    </ClInclude>
    <ClInclude Include="pins_3DRAG.h">
      <Filter>Header Files</Filter>
    </ClInclude>
    <ClInclude Include="pins_5DPRINT.h">
      <Filter>Header Files</Filter>
    </ClInclude>
    <ClInclude Include="pins_ANET_10.h">
      <Filter>Header Files</Filter>
    </ClInclude>
    <ClInclude Include="pins_AZTEEG_X1.h">
      <Filter>Header Files</Filter>
    </ClInclude>
    <ClInclude Include="pins_AZTEEG_X3.h">
      <Filter>Header Files</Filter>
    </ClInclude>
    <ClInclude Include="pins_AZTEEG_X3_PRO.h">
      <Filter>Header Files</Filter>
    </ClInclude>
    <ClInclude Include="pins_BAM_DICE_DUE.h">
      <Filter>Header Files</Filter>
    </ClInclude>
    <ClInclude Include="pins_BQ_ZUM_MEGA_3D.h">
      <Filter>Header Files</Filter>
    </ClInclude>
    <ClInclude Include="pins_BRAINWAVE.h">
      <Filter>Header Files</Filter>
    </ClInclude>
    <ClInclude Include="pins_BRAINWAVE_PRO.h">
      <Filter>Header Files</Filter>
    </ClInclude>
    <ClInclude Include="pins_CHEAPTRONIC.h">
      <Filter>Header Files</Filter>
    </ClInclude>
    <ClInclude Include="pins_CHEAPTRONICv2.h">
      <Filter>Header Files</Filter>
    </ClInclude>
    <ClInclude Include="pins_CNCONTROLS_11.h">
      <Filter>Header Files</Filter>
    </ClInclude>
    <ClInclude Include="pins_CNCONTROLS_12.h">
      <Filter>Header Files</Filter>
    </ClInclude>
    <ClInclude Include="pins_EINSY_RAMBO.h">
      <Filter>Header Files</Filter>
    </ClInclude>
    <ClInclude Include="pins_EINSY_RETRO.h">
      <Filter>Header Files</Filter>
    </ClInclude>
    <ClInclude Include="pins_ELEFU_3.h">
      <Filter>Header Files</Filter>
    </ClInclude>
    <ClInclude Include="pins_FELIX2.h">
      <Filter>Header Files</Filter>
    </ClInclude>
    <ClInclude Include="pins_GEN3_MONOLITHIC.h">
      <Filter>Header Files</Filter>
    </ClInclude>
    <ClInclude Include="pins_GEN3_PLUS.h">
      <Filter>Header Files</Filter>
    </ClInclude>
    <ClInclude Include="pins_GEN6.h">
      <Filter>Header Files</Filter>
    </ClInclude>
    <ClInclude Include="pins_GEN6_DELUXE.h">
      <Filter>Header Files</Filter>
    </ClInclude>
    <ClInclude Include="pins_GEN7_12.h">
      <Filter>Header Files</Filter>
    </ClInclude>
    <ClInclude Include="pins_GEN7_13.h">
      <Filter>Header Files</Filter>
    </ClInclude>
    <ClInclude Include="pins_GEN7_14.h">
      <Filter>Header Files</Filter>
    </ClInclude>
    <ClInclude Include="pins_GEN7_CUSTOM.h">
      <Filter>Header Files</Filter>
    </ClInclude>
    <ClInclude Include="pins_GT2560_REV_A.h">
      <Filter>Header Files</Filter>
    </ClInclude>
    <ClInclude Include="pins_GT2560_REV_A_PLUS.h">
      <Filter>Header Files</Filter>
    </ClInclude>
    <ClInclude Include="pins_K8200.h">
      <Filter>Header Files</Filter>
    </ClInclude>
    <ClInclude Include="pins_K8400.h">
      <Filter>Header Files</Filter>
    </ClInclude>
    <ClInclude Include="pins_LEAPFROG.h">
      <Filter>Header Files</Filter>
    </ClInclude>
    <ClInclude Include="pins_MAKEBOARD_MINI.h">
      <Filter>Header Files</Filter>
    </ClInclude>
    <ClInclude Include="pins_MEGACONTROLLER.h">
      <Filter>Header Files</Filter>
    </ClInclude>
    <ClInclude Include="pins_MEGATRONICS.h">
      <Filter>Header Files</Filter>
    </ClInclude>
    <ClInclude Include="pins_MEGATRONICS_2.h">
      <Filter>Header Files</Filter>
    </ClInclude>
    <ClInclude Include="pins_MEGATRONICS_3.h">
      <Filter>Header Files</Filter>
    </ClInclude>
    <ClInclude Include="pins_MELZI.h">
      <Filter>Header Files</Filter>
    </ClInclude>
    <ClInclude Include="pins_MELZI_CREALITY.h">
      <Filter>Header Files</Filter>
    </ClInclude>
    <ClInclude Include="pins_MELZI_MAKR3D.h">
      <Filter>Header Files</Filter>
    </ClInclude>
    <ClInclude Include="pins_MELZI_MALYAN.h">
      <Filter>Header Files</Filter>
    </ClInclude>
    <ClInclude Include="pins_MELZI_TRONXY.h">
      <Filter>Header Files</Filter>
    </ClInclude>
    <ClInclude Include="pins_MIGHTYBOARD_REVE.h">
      <Filter>Header Files</Filter>
    </ClInclude>
    <ClInclude Include="pins_MINIRAMBO.h">
      <Filter>Header Files</Filter>
    </ClInclude>
    <ClInclude Include="pins_MINITRONICS.h">
      <Filter>Header Files</Filter>
    </ClInclude>
    <ClInclude Include="pins_MKS_BASE.h">
      <Filter>Header Files</Filter>
    </ClInclude>
    <ClInclude Include="pins_MKS_BASE_15.h">
      <Filter>Header Files</Filter>
    </ClInclude>
    <ClInclude Include="pins_MKS_BASE_HEROIC.h">
      <Filter>Header Files</Filter>
    </ClInclude>
    <ClInclude Include="pins_MKS_GEN_13.h">
      <Filter>Header Files</Filter>
    </ClInclude>
    <ClInclude Include="pins_MKS_GEN_L.h">
      <Filter>Header Files</Filter>
    </ClInclude>
    <ClInclude Include="pins_OMCA.h">
      <Filter>Header Files</Filter>
    </ClInclude>
    <ClInclude Include="pins_OMCA_A.h">
      <Filter>Header Files</Filter>
    </ClInclude>
    <ClInclude Include="pins_PRINTRBOARD.h">
      <Filter>Header Files</Filter>
    </ClInclude>
    <ClInclude Include="pins_PRINTRBOARD_REVF.h">
      <Filter>Header Files</Filter>
    </ClInclude>
    <ClInclude Include="pins_RAMBO.h">
      <Filter>Header Files</Filter>
    </ClInclude>
    <ClInclude Include="pins_RAMPS.h">
      <Filter>Header Files</Filter>
    </ClInclude>
    <ClInclude Include="pins_RAMPS_13.h">
      <Filter>Header Files</Filter>
    </ClInclude>
    <ClInclude Include="pins_RAMPS_ENDER_4.h">
      <Filter>Header Files</Filter>
    </ClInclude>
    <ClInclude Include="pins_RAMPS_OLD.h">
      <Filter>Header Files</Filter>
    </ClInclude>
    <ClInclude Include="pins_RAMPS_PLUS.h">
      <Filter>Header Files</Filter>
    </ClInclude>
    <ClInclude Include="pins_RESIN.h">
      <Filter>Header Files</Filter>
    </ClInclude>
    <ClInclude Include="pins_RIGIDBOARD.h">
      <Filter>Header Files</Filter>
    </ClInclude>
    <ClInclude Include="pins_RIGIDBOARD_V2.h">
      <Filter>Header Files</Filter>
    </ClInclude>
    <ClInclude Include="pins_RUMBA.h">
      <Filter>Header Files</Filter>
    </ClInclude>
    <ClInclude Include="pins_SAINSMART_2IN1.h">
      <Filter>Header Files</Filter>
    </ClInclude>
    <ClInclude Include="pins_SANGUINOLOLU_11.h">
      <Filter>Header Files</Filter>
    </ClInclude>
    <ClInclude Include="pins_SANGUINOLOLU_12.h">
      <Filter>Header Files</Filter>
    </ClInclude>
    <ClInclude Include="pins_SAV_MKI.h">
      <Filter>Header Files</Filter>
    </ClInclude>
    <ClInclude Include="pins_SCOOVO_X9H.h">
      <Filter>Header Files</Filter>
    </ClInclude>
    <ClInclude Include="pins_SETHI.h">
      <Filter>Header Files</Filter>
    </ClInclude>
    <ClInclude Include="pins_SILVER_GATE.h">
      <Filter>Header Files</Filter>
    </ClInclude>
    <ClInclude Include="pins_STB_11.h">
      <Filter>Header Files</Filter>
    </ClInclude>
    <ClInclude Include="pins_TEENSY2.h">
      <Filter>Header Files</Filter>
    </ClInclude>
    <ClInclude Include="pins_TEENSYLU.h">
      <Filter>Header Files</Filter>
    </ClInclude>
    <ClInclude Include="pins_TRIGORILLA_13.h">
      <Filter>Header Files</Filter>
    </ClInclude>
    <ClInclude Include="pins_TRIGORILLA_14.h">
      <Filter>Header Files</Filter>
    </ClInclude>
    <ClInclude Include="pins_ULTIMAIN_2.h">
      <Filter>Header Files</Filter>
    </ClInclude>
    <ClInclude Include="pins_ULTIMAKER.h">
      <Filter>Header Files</Filter>
    </ClInclude>
    <ClInclude Include="pins_ULTIMAKER_OLD.h">
      <Filter>Header Files</Filter>
    </ClInclude>
    <ClInclude Include="pins_ZRIB_V20.h">
      <Filter>Header Files</Filter>
    </ClInclude>
    <ClInclude Include="planner.h">
      <Filter>Header Files</Filter>
    </ClInclude>
    <ClInclude Include="planner_bezier.h">
      <Filter>Header Files</Filter>
    </ClInclude>
    <ClInclude Include="point_t.h">
      <Filter>Header Files</Filter>
    </ClInclude>
    <ClInclude Include="power.h">
      <Filter>Header Files</Filter>
    </ClInclude>
    <ClInclude Include="power_loss_recovery.h">
      <Filter>Header Files</Filter>
    </ClInclude>
    <ClInclude Include="printcounter.h">
      <Filter>Header Files</Filter>
    </ClInclude>
    <ClInclude Include="runout.h">
      <Filter>Header Files</Filter>
    </ClInclude>
    <ClInclude Include="SanityCheck.h">
      <Filter>Header Files</Filter>
    </ClInclude>
    <ClInclude Include="Sd2Card.h">
      <Filter>Header Files</Filter>
    </ClInclude>
    <ClInclude Include="SdBaseFile.h">
      <Filter>Header Files</Filter>
    </ClInclude>
    <ClInclude Include="SdFatConfig.h">
      <Filter>Header Files</Filter>
    </ClInclude>
    <ClInclude Include="SdFatStructs.h">
      <Filter>Header Files</Filter>
    </ClInclude>
    <ClInclude Include="SdFatUtil.h">
      <Filter>Header Files</Filter>
    </ClInclude>
    <ClInclude Include="SdFile.h">
      <Filter>Header Files</Filter>
    </ClInclude>
    <ClInclude Include="SdInfo.h">
      <Filter>Header Files</Filter>
    </ClInclude>
    <ClInclude Include="SdVolume.h">
      <Filter>Header Files</Filter>
    </ClInclude>
    <ClInclude Include="serial.h">
      <Filter>Header Files</Filter>
    </ClInclude>
    <ClInclude Include="servo.h">
      <Filter>Header Files</Filter>
    </ClInclude>
    <ClInclude Include="softspi.h">
      <Filter>Header Files</Filter>
    </ClInclude>
    <ClInclude Include="speed_lookuptable.h">
      <Filter>Header Files</Filter>
    </ClInclude>
    <ClInclude Include="status_screen_DOGM.h">
      <Filter>Header Files</Filter>
    </ClInclude>
    <ClInclude Include="status_screen_lite_ST7920.h">
      <Filter>Header Files</Filter>
    </ClInclude>
    <ClInclude Include="status_screen_lite_ST7920_class.h">
      <Filter>Header Files</Filter>
    </ClInclude>
    <ClInclude Include="status_screen_lite_ST7920_spi.h">
      <Filter>Header Files</Filter>
    </ClInclude>
    <ClInclude Include="stepper.h">
      <Filter>Header Files</Filter>
    </ClInclude>
    <ClInclude Include="stepper_dac.h">
      <Filter>Header Files</Filter>
    </ClInclude>
    <ClInclude Include="stepper_indirection.h">
      <Filter>Header Files</Filter>
    </ClInclude>
    <ClInclude Include="stopwatch.h">
      <Filter>Header Files</Filter>
    </ClInclude>
    <ClInclude Include="temperature.h">
      <Filter>Header Files</Filter>
    </ClInclude>
    <ClInclude Include="thermistornames.h">
      <Filter>Header Files</Filter>
    </ClInclude>
    <ClInclude Include="thermistortables.h">
      <Filter>Header Files</Filter>
    </ClInclude>
    <ClInclude Include="thermistortable_1.h">
      <Filter>Header Files</Filter>
    </ClInclude>
    <ClInclude Include="thermistortable_10.h">
      <Filter>Header Files</Filter>
    </ClInclude>
    <ClInclude Include="thermistortable_1010.h">
      <Filter>Header Files</Filter>
    </ClInclude>
    <ClInclude Include="thermistortable_1047.h">
      <Filter>Header Files</Filter>
    </ClInclude>
    <ClInclude Include="thermistortable_11.h">
      <Filter>Header Files</Filter>
    </ClInclude>
    <ClInclude Include="thermistortable_110.h">
      <Filter>Header Files</Filter>
    </ClInclude>
    <ClInclude Include="thermistortable_12.h">
      <Filter>Header Files</Filter>
    </ClInclude>
    <ClInclude Include="thermistortable_13.h">
      <Filter>Header Files</Filter>
    </ClInclude>
    <ClInclude Include="thermistortable_147.h">
      <Filter>Header Files</Filter>
    </ClInclude>
    <ClInclude Include="thermistortable_15.h">
      <Filter>Header Files</Filter>
    </ClInclude>
    <ClInclude Include="thermistortable_2.h">
      <Filter>Header Files</Filter>
    </ClInclude>
    <ClInclude Include="thermistortable_20.h">
      <Filter>Header Files</Filter>
    </ClInclude>
    <ClInclude Include="thermistortable_3.h">
      <Filter>Header Files</Filter>
    </ClInclude>
    <ClInclude Include="thermistortable_4.h">
      <Filter>Header Files</Filter>
    </ClInclude>
    <ClInclude Include="thermistortable_5.h">
      <Filter>Header Files</Filter>
    </ClInclude>
    <ClInclude Include="thermistortable_501.h">
      <Filter>Header Files</Filter>
    </ClInclude>
    <ClInclude Include="thermistortable_51.h">
      <Filter>Header Files</Filter>
    </ClInclude>
    <ClInclude Include="thermistortable_52.h">
      <Filter>Header Files</Filter>
    </ClInclude>
    <ClInclude Include="thermistortable_55.h">
      <Filter>Header Files</Filter>
    </ClInclude>
    <ClInclude Include="thermistortable_6.h">
      <Filter>Header Files</Filter>
    </ClInclude>
    <ClInclude Include="thermistortable_60.h">
      <Filter>Header Files</Filter>
    </ClInclude>
    <ClInclude Include="thermistortable_66.h">
      <Filter>Header Files</Filter>
    </ClInclude>
    <ClInclude Include="thermistortable_7.h">
      <Filter>Header Files</Filter>
    </ClInclude>
    <ClInclude Include="thermistortable_70.h">
      <Filter>Header Files</Filter>
    </ClInclude>
    <ClInclude Include="thermistortable_71.h">
      <Filter>Header Files</Filter>
    </ClInclude>
    <ClInclude Include="thermistortable_75.h">
      <Filter>Header Files</Filter>
    </ClInclude>
    <ClInclude Include="thermistortable_8.h">
      <Filter>Header Files</Filter>
    </ClInclude>
    <ClInclude Include="thermistortable_9.h">
      <Filter>Header Files</Filter>
    </ClInclude>
    <ClInclude Include="thermistortable_998.h">
      <Filter>Header Files</Filter>
    </ClInclude>
    <ClInclude Include="thermistortable_999.h">
      <Filter>Header Files</Filter>
    </ClInclude>
    <ClInclude Include="tmc_util.h">
      <Filter>Header Files</Filter>
    </ClInclude>
    <ClInclude Include="twibus.h">
      <Filter>Header Files</Filter>
    </ClInclude>
    <ClInclude Include="types.h">
      <Filter>Header Files</Filter>
    </ClInclude>
    <ClInclude Include="ubl.h">
      <Filter>Header Files</Filter>
    </ClInclude>
    <ClInclude Include="ultralcd.h">
      <Filter>Header Files</Filter>
    </ClInclude>
    <ClInclude Include="ultralcd_impl_DOGM.h">
      <Filter>Header Files</Filter>
    </ClInclude>
    <ClInclude Include="ultralcd_impl_HD44780.h">
      <Filter>Header Files</Filter>
    </ClInclude>
    <ClInclude Include="ultralcd_st7565_u8glib_VIKI.h">
      <Filter>Header Files</Filter>
    </ClInclude>
    <ClInclude Include="ultralcd_st7920_u8glib_rrd.h">
      <Filter>Header Files</Filter>
    </ClInclude>
    <ClInclude Include="utf_mapper.h">
      <Filter>Header Files</Filter>
    </ClInclude>
    <ClInclude Include="utility.h">
      <Filter>Header Files</Filter>
    </ClInclude>
    <ClInclude Include="vector_3.h">
      <Filter>Header Files</Filter>
    </ClInclude>
    <ClInclude Include="Version.h">
      <Filter>Header Files</Filter>
    </ClInclude>
    <ClInclude Include="watchdog.h">
      <Filter>Header Files</Filter>
    </ClInclude>
    <ClInclude Include="example_configurations\adafruit\ST7565\Configuration.h">
      <Filter>Header Files</Filter>
    </ClInclude>
    <ClInclude Include="example_configurations\AlephObjects\TAZ4\Configuration.h">
      <Filter>Header Files</Filter>
    </ClInclude>
    <ClInclude Include="example_configurations\AlephObjects\TAZ4\Configuration_adv.h">
      <Filter>Header Files</Filter>
    </ClInclude>
    <ClInclude Include="example_configurations\AliExpress\CL-260\Configuration.h">
      <Filter>Header Files</Filter>
    </ClInclude>
    <ClInclude Include="example_configurations\Anet\A6\Configuration.h">
      <Filter>Header Files</Filter>
    </ClInclude>
    <ClInclude Include="example_configurations\Anet\A6\Configuration_adv.h">
      <Filter>Header Files</Filter>
    </ClInclude>
    <ClInclude Include="example_configurations\Anet\A8\Configuration.h">
      <Filter>Header Files</Filter>
    </ClInclude>
    <ClInclude Include="example_configurations\Anet\A8\Configuration_adv.h">
      <Filter>Header Files</Filter>
    </ClInclude>
    <ClInclude Include="example_configurations\BIBO\TouchX\Cyclops\Configuration.h">
      <Filter>Header Files</Filter>
    </ClInclude>
    <ClInclude Include="example_configurations\BIBO\TouchX\Cyclops\Configuration_adv.h">
      <Filter>Header Files</Filter>
    </ClInclude>
    <ClInclude Include="example_configurations\BIBO\TouchX\default\Configuration.h">
      <Filter>Header Files</Filter>
    </ClInclude>
    <ClInclude Include="example_configurations\BIBO\TouchX\default\Configuration_adv.h">
      <Filter>Header Files</Filter>
    </ClInclude>
    <ClInclude Include="example_configurations\BQ\Hephestos\Configuration.h">
      <Filter>Header Files</Filter>
    </ClInclude>
    <ClInclude Include="example_configurations\BQ\Hephestos\Configuration_adv.h">
      <Filter>Header Files</Filter>
    </ClInclude>
    <ClInclude Include="example_configurations\BQ\Hephestos_2\Configuration.h">
      <Filter>Header Files</Filter>
    </ClInclude>
    <ClInclude Include="example_configurations\BQ\Hephestos_2\Configuration_adv.h">
      <Filter>Header Files</Filter>
    </ClInclude>
    <ClInclude Include="example_configurations\BQ\Hephestos_2\_Bootscreen.h">
      <Filter>Header Files</Filter>
    </ClInclude>
    <ClInclude Include="example_configurations\BQ\WITBOX\Configuration.h">
      <Filter>Header Files</Filter>
    </ClInclude>
    <ClInclude Include="example_configurations\BQ\WITBOX\Configuration_adv.h">
      <Filter>Header Files</Filter>
    </ClInclude>
    <ClInclude Include="example_configurations\Cartesio\Configuration.h">
      <Filter>Header Files</Filter>
    </ClInclude>
    <ClInclude Include="example_configurations\Cartesio\Configuration_adv.h">
      <Filter>Header Files</Filter>
    </ClInclude>
    <ClInclude Include="example_configurations\Cartesio\_Bootscreen.h">
      <Filter>Header Files</Filter>
    </ClInclude>
    <ClInclude Include="example_configurations\Creality\CR-10\Configuration.h">
      <Filter>Header Files</Filter>
    </ClInclude>
    <ClInclude Include="example_configurations\Creality\CR-10\Configuration_adv.h">
      <Filter>Header Files</Filter>
    </ClInclude>
    <ClInclude Include="example_configurations\Creality\CR-10\_Bootscreen.h">
      <Filter>Header Files</Filter>
    </ClInclude>
    <ClInclude Include="example_configurations\Creality\CR-10\_Statusscreen.h">
      <Filter>Header Files</Filter>
    </ClInclude>
    <ClInclude Include="example_configurations\Creality\CR-10mini\Configuration.h">
      <Filter>Header Files</Filter>
    </ClInclude>
    <ClInclude Include="example_configurations\Creality\CR-10mini\Configuration_adv.h">
      <Filter>Header Files</Filter>
    </ClInclude>
    <ClInclude Include="example_configurations\Creality\CR-10mini\_Bootscreen.h">
      <Filter>Header Files</Filter>
    </ClInclude>
    <ClInclude Include="example_configurations\Creality\CR-10mini\_Statusscreen.h">
      <Filter>Header Files</Filter>
    </ClInclude>
    <ClInclude Include="example_configurations\Creality\CR-10S\Configuration.h">
      <Filter>Header Files</Filter>
    </ClInclude>
    <ClInclude Include="example_configurations\Creality\CR-10S\Configuration_adv.h">
      <Filter>Header Files</Filter>
    </ClInclude>
    <ClInclude Include="example_configurations\Creality\CR-10S\_Bootscreen.h">
      <Filter>Header Files</Filter>
    </ClInclude>
    <ClInclude Include="example_configurations\Creality\CR-10S\_Statusscreen.h">
      <Filter>Header Files</Filter>
    </ClInclude>
    <ClInclude Include="example_configurations\Creality\CR-8\Configuration.h">
      <Filter>Header Files</Filter>
    </ClInclude>
    <ClInclude Include="example_configurations\Creality\CR-8\Configuration_adv.h">
      <Filter>Header Files</Filter>
    </ClInclude>
    <ClInclude Include="example_configurations\Creality\Ender-2\Configuration.h">
      <Filter>Header Files</Filter>
    </ClInclude>
    <ClInclude Include="example_configurations\Creality\Ender-2\Configuration_adv.h">
      <Filter>Header Files</Filter>
    </ClInclude>
    <ClInclude Include="example_configurations\Creality\Ender-2\_Bootscreen.h">
      <Filter>Header Files</Filter>
    </ClInclude>
    <ClInclude Include="example_configurations\Creality\Ender-2\_Statusscreen.h">
      <Filter>Header Files</Filter>
    </ClInclude>
    <ClInclude Include="example_configurations\Creality\Ender-3\Configuration.h">
      <Filter>Header Files</Filter>
    </ClInclude>
    <ClInclude Include="example_configurations\Creality\Ender-3\Configuration_adv.h">
      <Filter>Header Files</Filter>
    </ClInclude>
    <ClInclude Include="example_configurations\Creality\Ender-3\_Bootscreen.h">
      <Filter>Header Files</Filter>
    </ClInclude>
    <ClInclude Include="example_configurations\Creality\Ender-3\_Statusscreen.h">
      <Filter>Header Files</Filter>
    </ClInclude>
    <ClInclude Include="example_configurations\Creality\Ender-4\Configuration.h">
      <Filter>Header Files</Filter>
    </ClInclude>
    <ClInclude Include="example_configurations\Creality\Ender-4\Configuration_adv.h">
      <Filter>Header Files</Filter>
    </ClInclude>
    <ClInclude Include="example_configurations\delta\FLSUN\auto_calibrate\Configuration.h">
      <Filter>Header Files</Filter>
    </ClInclude>
    <ClInclude Include="example_configurations\delta\FLSUN\auto_calibrate\Configuration_adv.h">
      <Filter>Header Files</Filter>
    </ClInclude>
    <ClInclude Include="example_configurations\delta\FLSUN\kossel\Configuration.h">
      <Filter>Header Files</Filter>
    </ClInclude>
    <ClInclude Include="example_configurations\delta\FLSUN\kossel\Configuration_adv.h">
      <Filter>Header Files</Filter>
    </ClInclude>
    <ClInclude Include="example_configurations\delta\FLSUN\kossel_mini\Configuration.h">
      <Filter>Header Files</Filter>
    </ClInclude>
    <ClInclude Include="example_configurations\delta\FLSUN\kossel_mini\Configuration_adv.h">
      <Filter>Header Files</Filter>
    </ClInclude>
    <ClInclude Include="example_configurations\delta\generic\Configuration.h">
      <Filter>Header Files</Filter>
    </ClInclude>
    <ClInclude Include="example_configurations\delta\generic\Configuration_adv.h">
      <Filter>Header Files</Filter>
    </ClInclude>
    <ClInclude Include="example_configurations\delta\Hatchbox_Alpha\Configuration.h">
      <Filter>Header Files</Filter>
    </ClInclude>
    <ClInclude Include="example_configurations\delta\kossel_mini\Configuration.h">
      <Filter>Header Files</Filter>
    </ClInclude>
    <ClInclude Include="example_configurations\delta\kossel_mini\Configuration_adv.h">
      <Filter>Header Files</Filter>
    </ClInclude>
    <ClInclude Include="example_configurations\delta\kossel_pro\Configuration.h">
      <Filter>Header Files</Filter>
    </ClInclude>
    <ClInclude Include="example_configurations\delta\kossel_pro\Configuration_adv.h">
      <Filter>Header Files</Filter>
    </ClInclude>
    <ClInclude Include="example_configurations\delta\kossel_xl\Configuration.h">
      <Filter>Header Files</Filter>
    </ClInclude>
    <ClInclude Include="example_configurations\delta\kossel_xl\Configuration_adv.h">
      <Filter>Header Files</Filter>
    </ClInclude>
    <ClInclude Include="example_configurations\Felix\Configuration.h">
      <Filter>Header Files</Filter>
    </ClInclude>
    <ClInclude Include="example_configurations\Felix\Configuration_adv.h">
      <Filter>Header Files</Filter>
    </ClInclude>
    <ClInclude Include="example_configurations\Felix\DUAL\Configuration.h">
      <Filter>Header Files</Filter>
    </ClInclude>
    <ClInclude Include="example_configurations\FolgerTech\i3-2020\Configuration.h">
      <Filter>Header Files</Filter>
    </ClInclude>
    <ClInclude Include="example_configurations\FolgerTech\i3-2020\Configuration_adv.h">
      <Filter>Header Files</Filter>
    </ClInclude>
    <ClInclude Include="example_configurations\gCreate\gMax1.5+\Configuration.h">
      <Filter>Header Files</Filter>
    </ClInclude>
    <ClInclude Include="example_configurations\gCreate\gMax1.5+\Configuration_adv.h">
      <Filter>Header Files</Filter>
    </ClInclude>
    <ClInclude Include="example_configurations\gCreate\gMax1.5+\_Bootscreen.h">
      <Filter>Header Files</Filter>
    </ClInclude>
    <ClInclude Include="example_configurations\Geeetech\GT2560\Configuration.h">
      <Filter>Header Files</Filter>
    </ClInclude>
    <ClInclude Include="example_configurations\Geeetech\I3_Pro_X-GT2560\Configuration.h">
      <Filter>Header Files</Filter>
    </ClInclude>
    <ClInclude Include="example_configurations\Geeetech\Prusa i3 Pro B\bltouch\Configuration.h">
      <Filter>Header Files</Filter>
    </ClInclude>
    <ClInclude Include="example_configurations\Geeetech\Prusa i3 Pro B\noprobe\Configuration.h">
      <Filter>Header Files</Filter>
    </ClInclude>
    <ClInclude Include="example_configurations\Geeetech\Prusa i3 Pro C\Configuration.h">
      <Filter>Header Files</Filter>
    </ClInclude>
    <ClInclude Include="example_configurations\Geeetech\Prusa i3 Pro C\Configuration_adv.h">
      <Filter>Header Files</Filter>
    </ClInclude>
    <ClInclude Include="example_configurations\Geeetech\Prusa i3 Pro W\Configuration.h">
      <Filter>Header Files</Filter>
    </ClInclude>
    <ClInclude Include="example_configurations\Geeetech\Prusa i3 Pro W\Configuration_adv.h">
      <Filter>Header Files</Filter>
    </ClInclude>
    <ClInclude Include="example_configurations\Infitary\i3-M508\Configuration.h">
      <Filter>Header Files</Filter>
    </ClInclude>
    <ClInclude Include="example_configurations\Infitary\i3-M508\Configuration_adv.h">
      <Filter>Header Files</Filter>
    </ClInclude>
    <ClInclude Include="example_configurations\JGAurora\A5\Configuration.h">
      <Filter>Header Files</Filter>
    </ClInclude>
    <ClInclude Include="example_configurations\JGAurora\A5\Configuration_adv.h">
      <Filter>Header Files</Filter>
    </ClInclude>
    <ClInclude Include="example_configurations\makibox\Configuration.h">
      <Filter>Header Files</Filter>
    </ClInclude>
    <ClInclude Include="example_configurations\makibox\Configuration_adv.h">
      <Filter>Header Files</Filter>
    </ClInclude>
    <ClInclude Include="example_configurations\Malyan\M150\Configuration.h">
      <Filter>Header Files</Filter>
    </ClInclude>
    <ClInclude Include="example_configurations\Malyan\M150\Configuration_adv.h">
      <Filter>Header Files</Filter>
    </ClInclude>
    <ClInclude Include="example_configurations\Malyan\M150\_Bootscreen.h">
      <Filter>Header Files</Filter>
    </ClInclude>
    <ClInclude Include="example_configurations\Micromake\C1\basic\Configuration.h">
      <Filter>Header Files</Filter>
    </ClInclude>
    <ClInclude Include="example_configurations\Micromake\C1\enhanced\Configuration.h">
      <Filter>Header Files</Filter>
    </ClInclude>
    <ClInclude Include="example_configurations\Micromake\C1\enhanced\Configuration_adv.h">
      <Filter>Header Files</Filter>
    </ClInclude>
    <ClInclude Include="example_configurations\RepRapPro\Huxley\Configuration.h">
      <Filter>Header Files</Filter>
    </ClInclude>
    <ClInclude Include="example_configurations\RepRapWorld\Megatronics\Configuration.h">
      <Filter>Header Files</Filter>
    </ClInclude>
    <ClInclude Include="example_configurations\RigidBot\Configuration.h">
      <Filter>Header Files</Filter>
    </ClInclude>
    <ClInclude Include="example_configurations\RigidBot\Configuration_adv.h">
      <Filter>Header Files</Filter>
    </ClInclude>
    <ClInclude Include="example_configurations\Sanguinololu\Configuration.h">
      <Filter>Header Files</Filter>
    </ClInclude>
    <ClInclude Include="example_configurations\Sanguinololu\Configuration_adv.h">
      <Filter>Header Files</Filter>
    </ClInclude>
    <ClInclude Include="example_configurations\SCARA\Configuration.h">
      <Filter>Header Files</Filter>
    </ClInclude>
    <ClInclude Include="example_configurations\SCARA\Configuration_adv.h">
      <Filter>Header Files</Filter>
    </ClInclude>
    <ClInclude Include="example_configurations\TinyBoy2\Configuration.h">
      <Filter>Header Files</Filter>
    </ClInclude>
    <ClInclude Include="example_configurations\TinyBoy2\Configuration_adv.h">
      <Filter>Header Files</Filter>
    </ClInclude>
    <ClInclude Include="example_configurations\Tronxy\X1\Configuration.h">
      <Filter>Header Files</Filter>
    </ClInclude>
    <ClInclude Include="example_configurations\Tronxy\X3A\Configuration.h">
      <Filter>Header Files</Filter>
    </ClInclude>
    <ClInclude Include="example_configurations\Tronxy\X3A\Configuration_adv.h">
      <Filter>Header Files</Filter>
    </ClInclude>
    <ClInclude Include="example_configurations\Tronxy\X5S\Configuration.h">
      <Filter>Header Files</Filter>
    </ClInclude>
    <ClInclude Include="example_configurations\Tronxy\XY100\Configuration.h">
      <Filter>Header Files</Filter>
    </ClInclude>
    <ClInclude Include="example_configurations\tvrrug\Round2\Configuration.h">
      <Filter>Header Files</Filter>
    </ClInclude>
    <ClInclude Include="example_configurations\tvrrug\Round2\Configuration_adv.h">
      <Filter>Header Files</Filter>
    </ClInclude>
    <ClInclude Include="example_configurations\Velleman\K8200\Configuration.h">
      <Filter>Header Files</Filter>
    </ClInclude>
    <ClInclude Include="example_configurations\Velleman\K8200\Configuration_adv.h">
      <Filter>Header Files</Filter>
    </ClInclude>
    <ClInclude Include="example_configurations\Velleman\K8400\Configuration.h">
      <Filter>Header Files</Filter>
    </ClInclude>
    <ClInclude Include="example_configurations\Velleman\K8400\Configuration_adv.h">
      <Filter>Header Files</Filter>
    </ClInclude>
    <ClInclude Include="example_configurations\Velleman\K8400\Dual-head\Configuration.h">
      <Filter>Header Files</Filter>
    </ClInclude>
    <ClInclude Include="example_configurations\Wanhao\Duplicator 6\Configuration.h">
      <Filter>Header Files</Filter>
    </ClInclude>
    <ClInclude Include="example_configurations\Wanhao\Duplicator 6\Configuration_adv.h">
      <Filter>Header Files</Filter>
    </ClInclude>
    <ClInclude Include="example_configurations\wt150\Configuration.h">
      <Filter>Header Files</Filter>
    </ClInclude>
    <ClInclude Include="example_configurations\wt150\Configuration_adv.h">
      <Filter>Header Files</Filter>
    </ClInclude>
  </ItemGroup>
  <ItemGroup>
    <ClCompile Include="blinkm.cpp">
      <Filter>Source Files</Filter>
    </ClCompile>
    <ClCompile Include="cardreader.cpp">
      <Filter>Source Files</Filter>
    </ClCompile>
    <ClCompile Include="configuration_store.cpp">
      <Filter>Source Files</Filter>
    </ClCompile>
    <ClCompile Include="dac_mcp4728.cpp">
      <Filter>Source Files</Filter>
    </ClCompile>
    <ClCompile Include="digipot_mcp4018.cpp">
      <Filter>Source Files</Filter>
    </ClCompile>
    <ClCompile Include="digipot_mcp4451.cpp">
      <Filter>Source Files</Filter>
    </ClCompile>
    <ClCompile Include="emergency_parser.cpp">
      <Filter>Source Files</Filter>
    </ClCompile>
    <ClCompile Include="endstops.cpp">
      <Filter>Source Files</Filter>
    </ClCompile>
    <ClCompile Include="fwretract.cpp">
      <Filter>Source Files</Filter>
    </ClCompile>
    <ClCompile Include="G26_Mesh_Validation_Tool.cpp">
      <Filter>Source Files</Filter>
    </ClCompile>
    <ClCompile Include="hex_print_routines.cpp">
      <Filter>Source Files</Filter>
    </ClCompile>
    <ClCompile Include="I2CPositionEncoder.cpp">
      <Filter>Source Files</Filter>
    </ClCompile>
    <ClCompile Include="least_squares_fit.cpp">
      <Filter>Source Files</Filter>
    </ClCompile>
    <ClCompile Include="leds.cpp">
      <Filter>Source Files</Filter>
    </ClCompile>
    <ClCompile Include="M100_Free_Mem_Chk.cpp">
      <Filter>Source Files</Filter>
    </ClCompile>
    <ClCompile Include="malyanlcd.cpp">
      <Filter>Source Files</Filter>
    </ClCompile>
    <ClCompile Include="MarlinSerial.cpp">
      <Filter>Source Files</Filter>
    </ClCompile>
    <ClCompile Include="Marlin_main.cpp">
      <Filter>Source Files</Filter>
    </ClCompile>
    <ClCompile Include="Marlin_main_clean.cpp">
      <Filter>Source Files</Filter>
    </ClCompile>
    <ClCompile Include="Max7219_Debug_LEDs.cpp">
      <Filter>Source Files</Filter>
    </ClCompile>
    <ClCompile Include="mesh_bed_leveling.cpp">
      <Filter>Source Files</Filter>
    </ClCompile>
    <ClCompile Include="neopixel.cpp">
      <Filter>Source Files</Filter>
    </ClCompile>
    <ClCompile Include="nozzle.cpp">
      <Filter>Source Files</Filter>
    </ClCompile>
    <ClCompile Include="parser.cpp">
      <Filter>Source Files</Filter>
    </ClCompile>
    <ClCompile Include="pca9632.cpp">
      <Filter>Source Files</Filter>
    </ClCompile>
    <ClCompile Include="planner.cpp">
      <Filter>Source Files</Filter>
    </ClCompile>
    <ClCompile Include="planner_bezier.cpp">
      <Filter>Source Files</Filter>
    </ClCompile>
    <ClCompile Include="planner_clean.cpp">
      <Filter>Source Files</Filter>
    </ClCompile>
    <ClCompile Include="power.cpp">
      <Filter>Source Files</Filter>
    </ClCompile>
    <ClCompile Include="power_loss_recovery.cpp">
      <Filter>Source Files</Filter>
    </ClCompile>
    <ClCompile Include="printcounter.cpp">
      <Filter>Source Files</Filter>
    </ClCompile>
    <ClCompile Include="runout.cpp">
      <Filter>Source Files</Filter>
    </ClCompile>
    <ClCompile Include="Sd2Card.cpp">
      <Filter>Source Files</Filter>
    </ClCompile>
    <ClCompile Include="SdBaseFile.cpp">
      <Filter>Source Files</Filter>
    </ClCompile>
    <ClCompile Include="SdFatUtil.cpp">
      <Filter>Source Files</Filter>
    </ClCompile>
    <ClCompile Include="SdFile.cpp">
      <Filter>Source Files</Filter>
    </ClCompile>
    <ClCompile Include="SdVolume.cpp">
      <Filter>Source Files</Filter>
    </ClCompile>
    <ClCompile Include="serial.cpp">
      <Filter>Source Files</Filter>
    </ClCompile>
    <ClCompile Include="servo.cpp">
      <Filter>Source Files</Filter>
    </ClCompile>
    <ClCompile Include="stepper.cpp">
      <Filter>Source Files</Filter>
    </ClCompile>
    <ClCompile Include="stepper_clean.cpp">
      <Filter>Source Files</Filter>
    </ClCompile>
    <ClCompile Include="stepper_dac.cpp">
      <Filter>Source Files</Filter>
    </ClCompile>
    <ClCompile Include="stepper_indirection.cpp">
      <Filter>Source Files</Filter>
    </ClCompile>
    <ClCompile Include="stopwatch.cpp">
      <Filter>Source Files</Filter>
    </ClCompile>
    <ClCompile Include="temperature.cpp">
      <Filter>Source Files</Filter>
    </ClCompile>
    <ClCompile Include="tmc_util.cpp">
      <Filter>Source Files</Filter>
    </ClCompile>
    <ClCompile Include="twibus.cpp">
      <Filter>Source Files</Filter>
    </ClCompile>
    <ClCompile Include="ubl.cpp">
      <Filter>Source Files</Filter>
    </ClCompile>
    <ClCompile Include="ubl_G29.cpp">
      <Filter>Source Files</Filter>
    </ClCompile>
    <ClCompile Include="ubl_motion.cpp">
      <Filter>Source Files</Filter>
    </ClCompile>
    <ClCompile Include="ultralcd.cpp">
      <Filter>Source Files</Filter>
    </ClCompile>
    <ClCompile Include="utility.cpp">
      <Filter>Source Files</Filter>
    </ClCompile>
    <ClCompile Include="vector_3.cpp">
      <Filter>Source Files</Filter>
    </ClCompile>
    <ClCompile Include="watchdog.cpp">
      <Filter>Source Files</Filter>
    </ClCompile>
  </ItemGroup>
</Project>